
Microsoft Visual Studio Solution File, Format Version 12.00
# Visual Studio 15
VisualStudioVersion = 15.0.26730.16
MinimumVisualStudioVersion = 10.0.40219.1
Project("{FAE04EC0-301F-11D3-BF4B-00C04F79EFBC}") = "PracticaXamarinControles.Android", "PracticaXamarinControles\PracticaXamarinControles.Android\PracticaXamarinControles.Android.csproj", "{4E696A42-8876-418C-ADC4-048347CBF50B}"
EndProject
Project("{FAE04EC0-301F-11D3-BF4B-00C04F79EFBC}") = "PracticaXamarinControles", "PracticaXamarinControles\PracticaXamarinControles\PracticaXamarinControles.csproj", "{60B7EFEA-0BA4-423E-B4FC-8BFF64EFE482}"
EndProject
Project("{FAE04EC0-301F-11D3-BF4B-00C04F79EFBC}") = "PracticaXamarinControles.UWP", "PracticaXamarinControles\PracticaXamarinControles.UWP\PracticaXamarinControles.UWP.csproj", "{736ADA1A-4AEF-473B-91DA-FAC6BF794E30}"
EndProject
Project("{FAE04EC0-301F-11D3-BF4B-00C04F79EFBC}") = "PracticaXamarinControles.iOS", "PracticaXamarinControles\PracticaXamarinControles.iOS\PracticaXamarinControles.iOS.csproj", "{2225FDA0-364A-4E0E-9421-131CE6B4A091}"
EndProject
Global
	GlobalSection(SolutionConfigurationPlatforms) = preSolution
		Ad-Hoc|Any CPU = Ad-Hoc|Any CPU
		Ad-Hoc|ARM = Ad-Hoc|ARM
		Ad-Hoc|iPhone = Ad-Hoc|iPhone
		Ad-Hoc|iPhoneSimulator = Ad-Hoc|iPhoneSimulator
		Ad-Hoc|x64 = Ad-Hoc|x64
		Ad-Hoc|x86 = Ad-Hoc|x86
		AppStore|Any CPU = AppStore|Any CPU
		AppStore|ARM = AppStore|ARM
		AppStore|iPhone = AppStore|iPhone
		AppStore|iPhoneSimulator = AppStore|iPhoneSimulator
		AppStore|x64 = AppStore|x64
		AppStore|x86 = AppStore|x86
		Debug|Any CPU = Debug|Any CPU
		Debug|ARM = Debug|ARM
		Debug|iPhone = Debug|iPhone
		Debug|iPhoneSimulator = Debug|iPhoneSimulator
		Debug|x64 = Debug|x64
		Debug|x86 = Debug|x86
		Release|Any CPU = Release|Any CPU
		Release|ARM = Release|ARM
		Release|iPhone = Release|iPhone
		Release|iPhoneSimulator = Release|iPhoneSimulator
		Release|x64 = Release|x64
		Release|x86 = Release|x86
	EndGlobalSection
	GlobalSection(ProjectConfigurationPlatforms) = postSolution
		{4E696A42-8876-418C-ADC4-048347CBF50B}.Ad-Hoc|Any CPU.ActiveCfg = Release|Any CPU
		{4E696A42-8876-418C-ADC4-048347CBF50B}.Ad-Hoc|Any CPU.Build.0 = Release|Any CPU
		{4E696A42-8876-418C-ADC4-048347CBF50B}.Ad-Hoc|Any CPU.Deploy.0 = Release|Any CPU
		{4E696A42-8876-418C-ADC4-048347CBF50B}.Ad-Hoc|ARM.ActiveCfg = Release|Any CPU
		{4E696A42-8876-418C-ADC4-048347CBF50B}.Ad-Hoc|ARM.Build.0 = Release|Any CPU
		{4E696A42-8876-418C-ADC4-048347CBF50B}.Ad-Hoc|ARM.Deploy.0 = Release|Any CPU
		{4E696A42-8876-418C-ADC4-048347CBF50B}.Ad-Hoc|iPhone.ActiveCfg = Release|Any CPU
		{4E696A42-8876-418C-ADC4-048347CBF50B}.Ad-Hoc|iPhone.Build.0 = Release|Any CPU
		{4E696A42-8876-418C-ADC4-048347CBF50B}.Ad-Hoc|iPhone.Deploy.0 = Release|Any CPU
		{4E696A42-8876-418C-ADC4-048347CBF50B}.Ad-Hoc|iPhoneSimulator.ActiveCfg = Release|Any CPU
		{4E696A42-8876-418C-ADC4-048347CBF50B}.Ad-Hoc|iPhoneSimulator.Build.0 = Release|Any CPU
		{4E696A42-8876-418C-ADC4-048347CBF50B}.Ad-Hoc|iPhoneSimulator.Deploy.0 = Release|Any CPU
		{4E696A42-8876-418C-ADC4-048347CBF50B}.Ad-Hoc|x64.ActiveCfg = Release|Any CPU
		{4E696A42-8876-418C-ADC4-048347CBF50B}.Ad-Hoc|x64.Build.0 = Release|Any CPU
		{4E696A42-8876-418C-ADC4-048347CBF50B}.Ad-Hoc|x64.Deploy.0 = Release|Any CPU
		{4E696A42-8876-418C-ADC4-048347CBF50B}.Ad-Hoc|x86.ActiveCfg = Release|Any CPU
		{4E696A42-8876-418C-ADC4-048347CBF50B}.Ad-Hoc|x86.Build.0 = Release|Any CPU
		{4E696A42-8876-418C-ADC4-048347CBF50B}.Ad-Hoc|x86.Deploy.0 = Release|Any CPU
		{4E696A42-8876-418C-ADC4-048347CBF50B}.AppStore|Any CPU.ActiveCfg = Release|Any CPU
		{4E696A42-8876-418C-ADC4-048347CBF50B}.AppStore|Any CPU.Build.0 = Release|Any CPU
		{4E696A42-8876-418C-ADC4-048347CBF50B}.AppStore|Any CPU.Deploy.0 = Release|Any CPU
		{4E696A42-8876-418C-ADC4-048347CBF50B}.AppStore|ARM.ActiveCfg = Release|Any CPU
		{4E696A42-8876-418C-ADC4-048347CBF50B}.AppStore|ARM.Build.0 = Release|Any CPU
		{4E696A42-8876-418C-ADC4-048347CBF50B}.AppStore|ARM.Deploy.0 = Release|Any CPU
		{4E696A42-8876-418C-ADC4-048347CBF50B}.AppStore|iPhone.ActiveCfg = Release|Any CPU
		{4E696A42-8876-418C-ADC4-048347CBF50B}.AppStore|iPhone.Build.0 = Release|Any CPU
		{4E696A42-8876-418C-ADC4-048347CBF50B}.AppStore|iPhone.Deploy.0 = Release|Any CPU
		{4E696A42-8876-418C-ADC4-048347CBF50B}.AppStore|iPhoneSimulator.ActiveCfg = Release|Any CPU
		{4E696A42-8876-418C-ADC4-048347CBF50B}.AppStore|iPhoneSimulator.Build.0 = Release|Any CPU
		{4E696A42-8876-418C-ADC4-048347CBF50B}.AppStore|iPhoneSimulator.Deploy.0 = Release|Any CPU
		{4E696A42-8876-418C-ADC4-048347CBF50B}.AppStore|x64.ActiveCfg = Release|Any CPU
		{4E696A42-8876-418C-ADC4-048347CBF50B}.AppStore|x64.Build.0 = Release|Any CPU
		{4E696A42-8876-418C-ADC4-048347CBF50B}.AppStore|x64.Deploy.0 = Release|Any CPU
		{4E696A42-8876-418C-ADC4-048347CBF50B}.AppStore|x86.ActiveCfg = Release|Any CPU
		{4E696A42-8876-418C-ADC4-048347CBF50B}.AppStore|x86.Build.0 = Release|Any CPU
		{4E696A42-8876-418C-ADC4-048347CBF50B}.AppStore|x86.Deploy.0 = Release|Any CPU
		{4E696A42-8876-418C-ADC4-048347CBF50B}.Debug|Any CPU.ActiveCfg = Debug|Any CPU
		{4E696A42-8876-418C-ADC4-048347CBF50B}.Debug|Any CPU.Build.0 = Debug|Any CPU
		{4E696A42-8876-418C-ADC4-048347CBF50B}.Debug|Any CPU.Deploy.0 = Debug|Any CPU
		{4E696A42-8876-418C-ADC4-048347CBF50B}.Debug|ARM.ActiveCfg = Debug|Any CPU
		{4E696A42-8876-418C-ADC4-048347CBF50B}.Debug|ARM.Build.0 = Debug|Any CPU
		{4E696A42-8876-418C-ADC4-048347CBF50B}.Debug|ARM.Deploy.0 = Debug|Any CPU
		{4E696A42-8876-418C-ADC4-048347CBF50B}.Debug|iPhone.ActiveCfg = Debug|Any CPU
		{4E696A42-8876-418C-ADC4-048347CBF50B}.Debug|iPhone.Build.0 = Debug|Any CPU
		{4E696A42-8876-418C-ADC4-048347CBF50B}.Debug|iPhone.Deploy.0 = Debug|Any CPU
		{4E696A42-8876-418C-ADC4-048347CBF50B}.Debug|iPhoneSimulator.ActiveCfg = Debug|Any CPU
		{4E696A42-8876-418C-ADC4-048347CBF50B}.Debug|iPhoneSimulator.Build.0 = Debug|Any CPU
		{4E696A42-8876-418C-ADC4-048347CBF50B}.Debug|iPhoneSimulator.Deploy.0 = Debug|Any CPU
		{4E696A42-8876-418C-ADC4-048347CBF50B}.Debug|x64.ActiveCfg = Debug|Any CPU
		{4E696A42-8876-418C-ADC4-048347CBF50B}.Debug|x64.Build.0 = Debug|Any CPU
		{4E696A42-8876-418C-ADC4-048347CBF50B}.Debug|x64.Deploy.0 = Debug|Any CPU
		{4E696A42-8876-418C-ADC4-048347CBF50B}.Debug|x86.ActiveCfg = Debug|Any CPU
		{4E696A42-8876-418C-ADC4-048347CBF50B}.Debug|x86.Build.0 = Debug|Any CPU
		{4E696A42-8876-418C-ADC4-048347CBF50B}.Debug|x86.Deploy.0 = Debug|Any CPU
		{4E696A42-8876-418C-ADC4-048347CBF50B}.Release|Any CPU.ActiveCfg = Release|Any CPU
		{4E696A42-8876-418C-ADC4-048347CBF50B}.Release|Any CPU.Build.0 = Release|Any CPU
		{4E696A42-8876-418C-ADC4-048347CBF50B}.Release|Any CPU.Deploy.0 = Release|Any CPU
		{4E696A42-8876-418C-ADC4-048347CBF50B}.Release|ARM.ActiveCfg = Release|Any CPU
		{4E696A42-8876-418C-ADC4-048347CBF50B}.Release|ARM.Build.0 = Release|Any CPU
		{4E696A42-8876-418C-ADC4-048347CBF50B}.Release|ARM.Deploy.0 = Release|Any CPU
		{4E696A42-8876-418C-ADC4-048347CBF50B}.Release|iPhone.ActiveCfg = Release|Any CPU
		{4E696A42-8876-418C-ADC4-048347CBF50B}.Release|iPhone.Build.0 = Release|Any CPU
		{4E696A42-8876-418C-ADC4-048347CBF50B}.Release|iPhone.Deploy.0 = Release|Any CPU
		{4E696A42-8876-418C-ADC4-048347CBF50B}.Release|iPhoneSimulator.ActiveCfg = Release|Any CPU
		{4E696A42-8876-418C-ADC4-048347CBF50B}.Release|iPhoneSimulator.Build.0 = Release|Any CPU
		{4E696A42-8876-418C-ADC4-048347CBF50B}.Release|iPhoneSimulator.Deploy.0 = Release|Any CPU
		{4E696A42-8876-418C-ADC4-048347CBF50B}.Release|x64.ActiveCfg = Release|Any CPU
		{4E696A42-8876-418C-ADC4-048347CBF50B}.Release|x64.Build.0 = Release|Any CPU
		{4E696A42-8876-418C-ADC4-048347CBF50B}.Release|x64.Deploy.0 = Release|Any CPU
		{4E696A42-8876-418C-ADC4-048347CBF50B}.Release|x86.ActiveCfg = Release|Any CPU
		{4E696A42-8876-418C-ADC4-048347CBF50B}.Release|x86.Build.0 = Release|Any CPU
		{4E696A42-8876-418C-ADC4-048347CBF50B}.Release|x86.Deploy.0 = Release|Any CPU
		{60B7EFEA-0BA4-423E-B4FC-8BFF64EFE482}.Ad-Hoc|Any CPU.ActiveCfg = Release|Any CPU
		{60B7EFEA-0BA4-423E-B4FC-8BFF64EFE482}.Ad-Hoc|Any CPU.Build.0 = Release|Any CPU
		{60B7EFEA-0BA4-423E-B4FC-8BFF64EFE482}.Ad-Hoc|ARM.ActiveCfg = Release|Any CPU
		{60B7EFEA-0BA4-423E-B4FC-8BFF64EFE482}.Ad-Hoc|ARM.Build.0 = Release|Any CPU
		{60B7EFEA-0BA4-423E-B4FC-8BFF64EFE482}.Ad-Hoc|iPhone.ActiveCfg = Release|Any CPU
		{60B7EFEA-0BA4-423E-B4FC-8BFF64EFE482}.Ad-Hoc|iPhone.Build.0 = Release|Any CPU
		{60B7EFEA-0BA4-423E-B4FC-8BFF64EFE482}.Ad-Hoc|iPhoneSimulator.ActiveCfg = Release|Any CPU
		{60B7EFEA-0BA4-423E-B4FC-8BFF64EFE482}.Ad-Hoc|iPhoneSimulator.Build.0 = Release|Any CPU
		{60B7EFEA-0BA4-423E-B4FC-8BFF64EFE482}.Ad-Hoc|x64.ActiveCfg = Release|Any CPU
		{60B7EFEA-0BA4-423E-B4FC-8BFF64EFE482}.Ad-Hoc|x64.Build.0 = Release|Any CPU
		{60B7EFEA-0BA4-423E-B4FC-8BFF64EFE482}.Ad-Hoc|x86.ActiveCfg = Release|Any CPU
		{60B7EFEA-0BA4-423E-B4FC-8BFF64EFE482}.Ad-Hoc|x86.Build.0 = Release|Any CPU
		{60B7EFEA-0BA4-423E-B4FC-8BFF64EFE482}.AppStore|Any CPU.ActiveCfg = Release|Any CPU
		{60B7EFEA-0BA4-423E-B4FC-8BFF64EFE482}.AppStore|Any CPU.Build.0 = Release|Any CPU
		{60B7EFEA-0BA4-423E-B4FC-8BFF64EFE482}.AppStore|ARM.ActiveCfg = Release|Any CPU
		{60B7EFEA-0BA4-423E-B4FC-8BFF64EFE482}.AppStore|ARM.Build.0 = Release|Any CPU
		{60B7EFEA-0BA4-423E-B4FC-8BFF64EFE482}.AppStore|iPhone.ActiveCfg = Release|Any CPU
		{60B7EFEA-0BA4-423E-B4FC-8BFF64EFE482}.AppStore|iPhone.Build.0 = Release|Any CPU
		{60B7EFEA-0BA4-423E-B4FC-8BFF64EFE482}.AppStore|iPhoneSimulator.ActiveCfg = Release|Any CPU
		{60B7EFEA-0BA4-423E-B4FC-8BFF64EFE482}.AppStore|iPhoneSimulator.Build.0 = Release|Any CPU
		{60B7EFEA-0BA4-423E-B4FC-8BFF64EFE482}.AppStore|x64.ActiveCfg = Release|Any CPU
		{60B7EFEA-0BA4-423E-B4FC-8BFF64EFE482}.AppStore|x64.Build.0 = Release|Any CPU
		{60B7EFEA-0BA4-423E-B4FC-8BFF64EFE482}.AppStore|x86.ActiveCfg = Release|Any CPU
		{60B7EFEA-0BA4-423E-B4FC-8BFF64EFE482}.AppStore|x86.Build.0 = Release|Any CPU
		{60B7EFEA-0BA4-423E-B4FC-8BFF64EFE482}.Debug|Any CPU.ActiveCfg = Debug|Any CPU
		{60B7EFEA-0BA4-423E-B4FC-8BFF64EFE482}.Debug|Any CPU.Build.0 = Debug|Any CPU
		{60B7EFEA-0BA4-423E-B4FC-8BFF64EFE482}.Debug|ARM.ActiveCfg = Debug|Any CPU
		{60B7EFEA-0BA4-423E-B4FC-8BFF64EFE482}.Debug|ARM.Build.0 = Debug|Any CPU
		{60B7EFEA-0BA4-423E-B4FC-8BFF64EFE482}.Debug|iPhone.ActiveCfg = Debug|Any CPU
		{60B7EFEA-0BA4-423E-B4FC-8BFF64EFE482}.Debug|iPhone.Build.0 = Debug|Any CPU
		{60B7EFEA-0BA4-423E-B4FC-8BFF64EFE482}.Debug|iPhoneSimulator.ActiveCfg = Debug|Any CPU
		{60B7EFEA-0BA4-423E-B4FC-8BFF64EFE482}.Debug|iPhoneSimulator.Build.0 = Debug|Any CPU
		{60B7EFEA-0BA4-423E-B4FC-8BFF64EFE482}.Debug|x64.ActiveCfg = Debug|Any CPU
		{60B7EFEA-0BA4-423E-B4FC-8BFF64EFE482}.Debug|x64.Build.0 = Debug|Any CPU
		{60B7EFEA-0BA4-423E-B4FC-8BFF64EFE482}.Debug|x86.ActiveCfg = Debug|Any CPU
		{60B7EFEA-0BA4-423E-B4FC-8BFF64EFE482}.Debug|x86.Build.0 = Debug|Any CPU
		{60B7EFEA-0BA4-423E-B4FC-8BFF64EFE482}.Release|Any CPU.ActiveCfg = Release|Any CPU
		{60B7EFEA-0BA4-423E-B4FC-8BFF64EFE482}.Release|Any CPU.Build.0 = Release|Any CPU
		{60B7EFEA-0BA4-423E-B4FC-8BFF64EFE482}.Release|ARM.ActiveCfg = Release|Any CPU
		{60B7EFEA-0BA4-423E-B4FC-8BFF64EFE482}.Release|ARM.Build.0 = Release|Any CPU
		{60B7EFEA-0BA4-423E-B4FC-8BFF64EFE482}.Release|iPhone.ActiveCfg = Release|Any CPU
		{60B7EFEA-0BA4-423E-B4FC-8BFF64EFE482}.Release|iPhone.Build.0 = Release|Any CPU
		{60B7EFEA-0BA4-423E-B4FC-8BFF64EFE482}.Release|iPhoneSimulator.ActiveCfg = Release|Any CPU
		{60B7EFEA-0BA4-423E-B4FC-8BFF64EFE482}.Release|iPhoneSimulator.Build.0 = Release|Any CPU
		{60B7EFEA-0BA4-423E-B4FC-8BFF64EFE482}.Release|x64.ActiveCfg = Release|Any CPU
		{60B7EFEA-0BA4-423E-B4FC-8BFF64EFE482}.Release|x64.Build.0 = Release|Any CPU
		{60B7EFEA-0BA4-423E-B4FC-8BFF64EFE482}.Release|x86.ActiveCfg = Release|Any CPU
		{60B7EFEA-0BA4-423E-B4FC-8BFF64EFE482}.Release|x86.Build.0 = Release|Any CPU
		{736ADA1A-4AEF-473B-91DA-FAC6BF794E30}.Ad-Hoc|Any CPU.ActiveCfg = Release|x86
		{736ADA1A-4AEF-473B-91DA-FAC6BF794E30}.Ad-Hoc|Any CPU.Build.0 = Release|x86
		{736ADA1A-4AEF-473B-91DA-FAC6BF794E30}.Ad-Hoc|Any CPU.Deploy.0 = Release|x86
		{736ADA1A-4AEF-473B-91DA-FAC6BF794E30}.Ad-Hoc|ARM.ActiveCfg = Release|ARM
		{736ADA1A-4AEF-473B-91DA-FAC6BF794E30}.Ad-Hoc|ARM.Build.0 = Release|ARM
		{736ADA1A-4AEF-473B-91DA-FAC6BF794E30}.Ad-Hoc|ARM.Deploy.0 = Release|ARM
		{736ADA1A-4AEF-473B-91DA-FAC6BF794E30}.Ad-Hoc|iPhone.ActiveCfg = Release|x86
		{736ADA1A-4AEF-473B-91DA-FAC6BF794E30}.Ad-Hoc|iPhone.Build.0 = Release|x86
		{736ADA1A-4AEF-473B-91DA-FAC6BF794E30}.Ad-Hoc|iPhone.Deploy.0 = Release|x86
		{736ADA1A-4AEF-473B-91DA-FAC6BF794E30}.Ad-Hoc|iPhoneSimulator.ActiveCfg = Release|x86
		{736ADA1A-4AEF-473B-91DA-FAC6BF794E30}.Ad-Hoc|iPhoneSimulator.Build.0 = Release|x86
		{736ADA1A-4AEF-473B-91DA-FAC6BF794E30}.Ad-Hoc|iPhoneSimulator.Deploy.0 = Release|x86
		{736ADA1A-4AEF-473B-91DA-FAC6BF794E30}.Ad-Hoc|x64.ActiveCfg = Release|x64
		{736ADA1A-4AEF-473B-91DA-FAC6BF794E30}.Ad-Hoc|x64.Build.0 = Release|x64
		{736ADA1A-4AEF-473B-91DA-FAC6BF794E30}.Ad-Hoc|x64.Deploy.0 = Release|x64
		{736ADA1A-4AEF-473B-91DA-FAC6BF794E30}.Ad-Hoc|x86.ActiveCfg = Release|x86
		{736ADA1A-4AEF-473B-91DA-FAC6BF794E30}.Ad-Hoc|x86.Build.0 = Release|x86
		{736ADA1A-4AEF-473B-91DA-FAC6BF794E30}.Ad-Hoc|x86.Deploy.0 = Release|x86
		{736ADA1A-4AEF-473B-91DA-FAC6BF794E30}.AppStore|Any CPU.ActiveCfg = Release|x86
		{736ADA1A-4AEF-473B-91DA-FAC6BF794E30}.AppStore|Any CPU.Build.0 = Release|x86
		{736ADA1A-4AEF-473B-91DA-FAC6BF794E30}.AppStore|Any CPU.Deploy.0 = Release|x86
		{736ADA1A-4AEF-473B-91DA-FAC6BF794E30}.AppStore|ARM.ActiveCfg = Release|ARM
		{736ADA1A-4AEF-473B-91DA-FAC6BF794E30}.AppStore|ARM.Build.0 = Release|ARM
		{736ADA1A-4AEF-473B-91DA-FAC6BF794E30}.AppStore|ARM.Deploy.0 = Release|ARM
		{736ADA1A-4AEF-473B-91DA-FAC6BF794E30}.AppStore|iPhone.ActiveCfg = Release|x86
		{736ADA1A-4AEF-473B-91DA-FAC6BF794E30}.AppStore|iPhone.Build.0 = Release|x86
		{736ADA1A-4AEF-473B-91DA-FAC6BF794E30}.AppStore|iPhone.Deploy.0 = Release|x86
		{736ADA1A-4AEF-473B-91DA-FAC6BF794E30}.AppStore|iPhoneSimulator.ActiveCfg = Release|x86
		{736ADA1A-4AEF-473B-91DA-FAC6BF794E30}.AppStore|iPhoneSimulator.Build.0 = Release|x86
		{736ADA1A-4AEF-473B-91DA-FAC6BF794E30}.AppStore|iPhoneSimulator.Deploy.0 = Release|x86
		{736ADA1A-4AEF-473B-91DA-FAC6BF794E30}.AppStore|x64.ActiveCfg = Release|x64
		{736ADA1A-4AEF-473B-91DA-FAC6BF794E30}.AppStore|x64.Build.0 = Release|x64
		{736ADA1A-4AEF-473B-91DA-FAC6BF794E30}.AppStore|x64.Deploy.0 = Release|x64
		{736ADA1A-4AEF-473B-91DA-FAC6BF794E30}.AppStore|x86.ActiveCfg = Release|x86
		{736ADA1A-4AEF-473B-91DA-FAC6BF794E30}.AppStore|x86.Build.0 = Release|x86
		{736ADA1A-4AEF-473B-91DA-FAC6BF794E30}.AppStore|x86.Deploy.0 = Release|x86
		{736ADA1A-4AEF-473B-91DA-FAC6BF794E30}.Debug|Any CPU.ActiveCfg = Debug|x86
		{736ADA1A-4AEF-473B-91DA-FAC6BF794E30}.Debug|ARM.ActiveCfg = Debug|ARM
		{736ADA1A-4AEF-473B-91DA-FAC6BF794E30}.Debug|ARM.Build.0 = Debug|ARM
		{736ADA1A-4AEF-473B-91DA-FAC6BF794E30}.Debug|ARM.Deploy.0 = Debug|ARM
		{736ADA1A-4AEF-473B-91DA-FAC6BF794E30}.Debug|iPhone.ActiveCfg = Debug|x86
		{736ADA1A-4AEF-473B-91DA-FAC6BF794E30}.Debug|iPhoneSimulator.ActiveCfg = Debug|x86
		{736ADA1A-4AEF-473B-91DA-FAC6BF794E30}.Debug|x64.ActiveCfg = Debug|x64
		{736ADA1A-4AEF-473B-91DA-FAC6BF794E30}.Debug|x64.Build.0 = Debug|x64
		{736ADA1A-4AEF-473B-91DA-FAC6BF794E30}.Debug|x64.Deploy.0 = Debug|x64
		{736ADA1A-4AEF-473B-91DA-FAC6BF794E30}.Debug|x86.ActiveCfg = Debug|x86
		{736ADA1A-4AEF-473B-91DA-FAC6BF794E30}.Debug|x86.Build.0 = Debug|x86
		{736ADA1A-4AEF-473B-91DA-FAC6BF794E30}.Debug|x86.Deploy.0 = Debug|x86
		{736ADA1A-4AEF-473B-91DA-FAC6BF794E30}.Release|Any CPU.ActiveCfg = Release|x86
		{736ADA1A-4AEF-473B-91DA-FAC6BF794E30}.Release|ARM.ActiveCfg = Release|ARM
		{736ADA1A-4AEF-473B-91DA-FAC6BF794E30}.Release|ARM.Build.0 = Release|ARM
		{736ADA1A-4AEF-473B-91DA-FAC6BF794E30}.Release|ARM.Deploy.0 = Release|ARM
		{736ADA1A-4AEF-473B-91DA-FAC6BF794E30}.Release|iPhone.ActiveCfg = Release|x86
		{736ADA1A-4AEF-473B-91DA-FAC6BF794E30}.Release|iPhoneSimulator.ActiveCfg = Release|x86
		{736ADA1A-4AEF-473B-91DA-FAC6BF794E30}.Release|x64.ActiveCfg = Release|x64
		{736ADA1A-4AEF-473B-91DA-FAC6BF794E30}.Release|x64.Build.0 = Release|x64
		{736ADA1A-4AEF-473B-91DA-FAC6BF794E30}.Release|x64.Deploy.0 = Release|x64
		{736ADA1A-4AEF-473B-91DA-FAC6BF794E30}.Release|x86.ActiveCfg = Release|x86
		{736ADA1A-4AEF-473B-91DA-FAC6BF794E30}.Release|x86.Build.0 = Release|x86
		{736ADA1A-4AEF-473B-91DA-FAC6BF794E30}.Release|x86.Deploy.0 = Release|x86
		{2225FDA0-364A-4E0E-9421-131CE6B4A091}.Ad-Hoc|Any CPU.ActiveCfg = Ad-Hoc|iPhone
		{2225FDA0-364A-4E0E-9421-131CE6B4A091}.Ad-Hoc|ARM.ActiveCfg = Ad-Hoc|iPhone
		{2225FDA0-364A-4E0E-9421-131CE6B4A091}.Ad-Hoc|iPhone.ActiveCfg = Ad-Hoc|iPhone
		{2225FDA0-364A-4E0E-9421-131CE6B4A091}.Ad-Hoc|iPhone.Build.0 = Ad-Hoc|iPhone
		{2225FDA0-364A-4E0E-9421-131CE6B4A091}.Ad-Hoc|iPhoneSimulator.ActiveCfg = Ad-Hoc|iPhoneSimulator
		{2225FDA0-364A-4E0E-9421-131CE6B4A091}.Ad-Hoc|iPhoneSimulator.Build.0 = Ad-Hoc|iPhoneSimulator
		{2225FDA0-364A-4E0E-9421-131CE6B4A091}.Ad-Hoc|x64.ActiveCfg = Ad-Hoc|iPhone
		{2225FDA0-364A-4E0E-9421-131CE6B4A091}.Ad-Hoc|x86.ActiveCfg = Ad-Hoc|iPhone
		{2225FDA0-364A-4E0E-9421-131CE6B4A091}.AppStore|Any CPU.ActiveCfg = AppStore|iPhone
		{2225FDA0-364A-4E0E-9421-131CE6B4A091}.AppStore|ARM.ActiveCfg = AppStore|iPhone
		{2225FDA0-364A-4E0E-9421-131CE6B4A091}.AppStore|iPhone.ActiveCfg = AppStore|iPhone
		{2225FDA0-364A-4E0E-9421-131CE6B4A091}.AppStore|iPhone.Build.0 = AppStore|iPhone
		{2225FDA0-364A-4E0E-9421-131CE6B4A091}.AppStore|iPhoneSimulator.ActiveCfg = AppStore|iPhoneSimulator
		{2225FDA0-364A-4E0E-9421-131CE6B4A091}.AppStore|iPhoneSimulator.Build.0 = AppStore|iPhoneSimulator
		{2225FDA0-364A-4E0E-9421-131CE6B4A091}.AppStore|x64.ActiveCfg = AppStore|iPhone
		{2225FDA0-364A-4E0E-9421-131CE6B4A091}.AppStore|x86.ActiveCfg = AppStore|iPhone
		{2225FDA0-364A-4E0E-9421-131CE6B4A091}.Debug|Any CPU.ActiveCfg = Debug|iPhone
		{2225FDA0-364A-4E0E-9421-131CE6B4A091}.Debug|ARM.ActiveCfg = Debug|iPhone
		{2225FDA0-364A-4E0E-9421-131CE6B4A091}.Debug|iPhone.ActiveCfg = Debug|iPhone
		{2225FDA0-364A-4E0E-9421-131CE6B4A091}.Debug|iPhone.Build.0 = Debug|iPhone
		{2225FDA0-364A-4E0E-9421-131CE6B4A091}.Debug|iPhoneSimulator.ActiveCfg = Debug|iPhoneSimulator
		{2225FDA0-364A-4E0E-9421-131CE6B4A091}.Debug|iPhoneSimulator.Build.0 = Debug|iPhoneSimulator
		{2225FDA0-364A-4E0E-9421-131CE6B4A091}.Debug|x64.ActiveCfg = Debug|iPhone
		{2225FDA0-364A-4E0E-9421-131CE6B4A091}.Debug|x86.ActiveCfg = Debug|iPhone
		{2225FDA0-364A-4E0E-9421-131CE6B4A091}.Release|Any CPU.ActiveCfg = Release|iPhone
		{2225FDA0-364A-4E0E-9421-131CE6B4A091}.Release|ARM.ActiveCfg = Release|iPhone
		{2225FDA0-364A-4E0E-9421-131CE6B4A091}.Release|iPhone.ActiveCfg = Release|iPhone
		{2225FDA0-364A-4E0E-9421-131CE6B4A091}.Release|iPhone.Build.0 = Release|iPhone
		{2225FDA0-364A-4E0E-9421-131CE6B4A091}.Release|iPhoneSimulator.ActiveCfg = Release|iPhoneSimulator
		{2225FDA0-364A-4E0E-9421-131CE6B4A091}.Release|iPhoneSimulator.Build.0 = Release|iPhoneSimulator
		{2225FDA0-364A-4E0E-9421-131CE6B4A091}.Release|x64.ActiveCfg = Release|iPhone
		{2225FDA0-364A-4E0E-9421-131CE6B4A091}.Release|x86.ActiveCfg = Release|iPhone
	EndGlobalSection
	GlobalSection(SolutionProperties) = preSolution
		HideSolutionNode = FALSE
	EndGlobalSection
	GlobalSection(ExtensibilityGlobals) = postSolution
		SolutionGuid = {5E138D5C-FEE9-4838-86E9-45667C33969D}
	EndGlobalSection
EndGlobal
